github.com/damondb/hugo-damon-db v0.0.0 h1:L83ttu0TNI3eK9q+xskvc2TkxU8EQYkH5WEQqFf9www=
github.com/damondb/hugo-damon-db v0.0.0/go.mod h1:18Hdtj7PBUHkmRr9vN+v0PDi2uCUztXLdBK8Ntr534M=
github.com/damondb/hugo-damon-db v0.0.1 h1:nNcgWrufRYNf7O90YxzvBeElzUJloInsN8Hw1AxxwLI=
github.com/damondb/hugo-damon-db v0.0.1/go.mod h1:18Hdtj7PBUHkmRr9vN+v0PDi2uCUztXLdBK8Ntr534M=
github.com/damondb/hugo-damon-db v0.1.12 h1:3eDTO6NSxU/8zwSjwJmZThjFpqilPHx8RKEtkTIOcCA=
github.com/damondb/hugo-damon-db v0.1.12/go.mod h1:18Hdtj7PBUHkmRr9vN+v0PDi2uCUztXLdBK8Ntr534M=
